
Microsoft Visual Studio Solution File, Format Version 12.00
# Visual Studio Version 17
VisualStudioVersion = 17.5.002.0
MinimumVisualStudioVersion = 10.0.40219.1
Project("{2150E333-8FDC-42A3-9474-1A3956D46DE8}") = "Finished", "Finished", "{84DEC41C-AA82-4086-A0EB-6D015D3DE0F4}"
EndProject
Project("{2150E333-8FDC-42A3-9474-1A3956D46DE8}") = "Delegates", "Delegates", "{E1F1DE20-7553-4056-8303-8AEC856013F3}"
EndProject
Project("{9A19103F-16F7-4668-BE54-9A1E7A4F7556}") = "AnonymousDelegates", "Finished\Delegates\AnonymousDelegates\AnonymousDelegates.csproj", "{5609B019-9DF0-4238-B145-0683BBD7B884}"
EndProject
Project("{9A19103F-16F7-4668-BE54-9A1E7A4F7556}") = "BasicDelegates", "Finished\Delegates\BasicDelegates\BasicDelegates.csproj", "{96599683-1CA3-4B80-B715-92584AC9AD94}"
EndProject
Project("{9A19103F-16F7-4668-BE54-9A1E7A4F7556}") = "Composable", "Finished\Delegates\Composable\Composable.csproj", "{9529A0C4-660C-412D-9407-759913598EBA}"
EndProject
Project("{9A19103F-16F7-4668-BE54-9A1E7A4F7556}") = "Composable2", "Finished\Delegates\Composable2\Composable2.csproj", "{5B8B16B5-6441-41F6-8BB3-C88F2C2F9C48}"
EndProject
Project("{9A19103F-16F7-4668-BE54-9A1E7A4F7556}") = "DelegatesSolution", "Finished\Delegates\DelegatesSolution\DelegatesSolution.csproj", "{5CB0F84F-351F-4FE8-AE49-2533FABB93F8}"
EndProject
Project("{2150E333-8FDC-42A3-9474-1A3956D46DE8}") = "Events", "Events", "{A40B62F5-A633-4B7D-9E4F-53B444A6F807}"
EndProject
Project("{9A19103F-16F7-4668-BE54-9A1E7A4F7556}") = "BasicEvents", "Finished\Events\BasicEvents\BasicEvents.csproj", "{ED485B4E-334A-4592-BECE-30A7A87D6BD0}"
EndProject
Project("{9A19103F-16F7-4668-BE54-9A1E7A4F7556}") = "ChainedEvents", "Finished\Events\ChainedEvents\ChainedEvents.csproj", "{D6742BDC-D155-465B-ABF8-D16325BB9071}"
EndProject
Project("{9A19103F-16F7-4668-BE54-9A1E7A4F7556}") = "EventsSolution", "Finished\Events\EventsSolution\EventsSolution.csproj", "{B74FD847-EBA2-4B4E-B8D2-5C255D9F9A71}"
EndProject
Project("{2150E333-8FDC-42A3-9474-1A3956D46DE8}") = "Lambdas", "Lambdas", "{BEB9BD76-F6BD-46F1-8A0D-59FA080CE3E8}"
EndProject
Project("{9A19103F-16F7-4668-BE54-9A1E7A4F7556}") = "BasicLambdas", "Finished\Lambdas\BasicLambdas\BasicLambdas.csproj", "{BDED3B1F-578D-4B9C-96C3-BFAB87F3BB74}"
EndProject
Project("{9A19103F-16F7-4668-BE54-9A1E7A4F7556}") = "LambdaDelegates", "Finished\Lambdas\LambdaDelegates\LambdaDelegates.csproj", "{E01550CA-2918-4909-9CAF-7F41C2240C9C}"
EndProject
Project("{9A19103F-16F7-4668-BE54-9A1E7A4F7556}") = "LambdasSolution", "Finished\Lambdas\LambdasSolution\LambdasSolution.csproj", "{9FE5AA6C-99B1-49D1-931F-A118611E556E}"
EndProject
Project("{2150E333-8FDC-42A3-9474-1A3956D46DE8}") = "Start", "Start", "{CF44C5E2-6554-4724-BBB9-626390A39457}"
EndProject
Project("{2150E333-8FDC-42A3-9474-1A3956D46DE8}") = "Delegates", "Delegates", "{45C887C9-2282-4D2B-9164-515A6ACE0730}"
EndProject
Project("{9A19103F-16F7-4668-BE54-9A1E7A4F7556}") = "AnonymousDelegates", "Start\Delegates\AnonymousDelegates\AnonymousDelegates.csproj", "{0F2E550C-4AB5-48E9-B8D4-1E6260077CA2}"
EndProject
Project("{9A19103F-16F7-4668-BE54-9A1E7A4F7556}") = "BasicDelegates", "Start\Delegates\BasicDelegates\BasicDelegates.csproj", "{6F64F19F-B22A-4248-A6E4-7C23BD717E65}"
EndProject
Project("{9A19103F-16F7-4668-BE54-9A1E7A4F7556}") = "Composable", "Start\Delegates\Composable\Composable.csproj", "{62517793-7382-4C69-87BB-2298233527AB}"
EndProject
Project("{9A19103F-16F7-4668-BE54-9A1E7A4F7556}") = "Composable2", "Start\Delegates\Composable2\Composable2.csproj", "{1A423975-5CF7-4D77-B38D-586AC8E5B28D}"
EndProject
Project("{9A19103F-16F7-4668-BE54-9A1E7A4F7556}") = "DelegatesSolution", "Start\Delegates\DelegatesSolution\DelegatesSolution.csproj", "{6FA665BD-8F52-4F59-BB13-E6F84C21FA75}"
EndProject
Project("{2150E333-8FDC-42A3-9474-1A3956D46DE8}") = "Events", "Events", "{6798B4B4-DD8A-4F9C-808F-D41F161691FD}"
EndProject
Project("{9A19103F-16F7-4668-BE54-9A1E7A4F7556}") = "BasicEvents", "Start\Events\BasicEvents\BasicEvents.csproj", "{5C679345-2287-4DA6-BE77-0A6D3E77A3C0}"
EndProject
Project("{9A19103F-16F7-4668-BE54-9A1E7A4F7556}") = "ChainedEvents", "Start\Events\ChainedEvents\ChainedEvents.csproj", "{4D4E50A8-FE7F-4B10-B19C-749E066E75C8}"
EndProject
Project("{9A19103F-16F7-4668-BE54-9A1E7A4F7556}") = "EventsSolution", "Start\Events\EventsSolution\EventsSolution.csproj", "{5DDCA644-4293-44DC-80F0-95E6893766A6}"
EndProject
Project("{2150E333-8FDC-42A3-9474-1A3956D46DE8}") = "Lambdas", "Lambdas", "{BF533BB0-ABFD-4E46-8ACE-DA280BAEC339}"
EndProject
Project("{9A19103F-16F7-4668-BE54-9A1E7A4F7556}") = "BasicLambdas", "Start\Lambdas\BasicLambdas\BasicLambdas.csproj", "{7F4C33CC-7B7B-4663-97C5-D66715C47A5A}"
EndProject
Project("{9A19103F-16F7-4668-BE54-9A1E7A4F7556}") = "LambdaDelegates", "Start\Lambdas\LambdaDelegates\LambdaDelegates.csproj", "{4FEEE2D0-47A3-477C-85F7-8DF67B57EAA5}"
EndProject
Project("{9A19103F-16F7-4668-BE54-9A1E7A4F7556}") = "LambdasSolution", "Start\Lambdas\LambdasSolution\LambdasSolution.csproj", "{3345F6DD-0EB5-49AD-A073-7D51BA60F5FE}"
EndProject
Global
	GlobalSection(SolutionConfigurationPlatforms) = preSolution
		Debug|Any CPU = Debug|Any CPU
		Release|Any CPU = Release|Any CPU
	EndGlobalSection
	GlobalSection(ProjectConfigurationPlatforms) = postSolution
		{5609B019-9DF0-4238-B145-0683BBD7B884}.Debug|Any CPU.ActiveCfg = Debug|Any CPU
		{5609B019-9DF0-4238-B145-0683BBD7B884}.Debug|Any CPU.Build.0 = Debug|Any CPU
		{5609B019-9DF0-4238-B145-0683BBD7B884}.Release|Any CPU.ActiveCfg = Release|Any CPU
		{5609B019-9DF0-4238-B145-0683BBD7B884}.Release|Any CPU.Build.0 = Release|Any CPU
		{96599683-1CA3-4B80-B715-92584AC9AD94}.Debug|Any CPU.ActiveCfg = Debug|Any CPU
		{96599683-1CA3-4B80-B715-92584AC9AD94}.Debug|Any CPU.Build.0 = Debug|Any CPU
		{96599683-1CA3-4B80-B715-92584AC9AD94}.Release|Any CPU.ActiveCfg = Release|Any CPU
		{96599683-1CA3-4B80-B715-92584AC9AD94}.Release|Any CPU.Build.0 = Release|Any CPU
		{9529A0C4-660C-412D-9407-759913598EBA}.Debug|Any CPU.ActiveCfg = Debug|Any CPU
		{9529A0C4-660C-412D-9407-759913598EBA}.Debug|Any CPU.Build.0 = Debug|Any CPU
		{9529A0C4-660C-412D-9407-759913598EBA}.Release|Any CPU.ActiveCfg = Release|Any CPU
		{9529A0C4-660C-412D-9407-759913598EBA}.Release|Any CPU.Build.0 = Release|Any CPU
		{5B8B16B5-6441-41F6-8BB3-C88F2C2F9C48}.Debug|Any CPU.ActiveCfg = Debug|Any CPU
		{5B8B16B5-6441-41F6-8BB3-C88F2C2F9C48}.Debug|Any CPU.Build.0 = Debug|Any CPU
		{5B8B16B5-6441-41F6-8BB3-C88F2C2F9C48}.Release|Any CPU.ActiveCfg = Release|Any CPU
		{5B8B16B5-6441-41F6-8BB3-C88F2C2F9C48}.Release|Any CPU.Build.0 = Release|Any CPU
		{5CB0F84F-351F-4FE8-AE49-2533FABB93F8}.Debug|Any CPU.ActiveCfg = Debug|Any CPU
		{5CB0F84F-351F-4FE8-AE49-2533FABB93F8}.Debug|Any CPU.Build.0 = Debug|Any CPU
		{5CB0F84F-351F-4FE8-AE49-2533FABB93F8}.Release|Any CPU.ActiveCfg = Release|Any CPU
		{5CB0F84F-351F-4FE8-AE49-2533FABB93F8}.Release|Any CPU.Build.0 = Release|Any CPU
		{ED485B4E-334A-4592-BECE-30A7A87D6BD0}.Debug|Any CPU.ActiveCfg = Debug|Any CPU
		{ED485B4E-334A-4592-BECE-30A7A87D6BD0}.Debug|Any CPU.Build.0 = Debug|Any CPU
		{ED485B4E-334A-4592-BECE-30A7A87D6BD0}.Release|Any CPU.ActiveCfg = Release|Any CPU
		{ED485B4E-334A-4592-BECE-30A7A87D6BD0}.Release|Any CPU.Build.0 = Release|Any CPU
		{D6742BDC-D155-465B-ABF8-D16325BB9071}.Debug|Any CPU.ActiveCfg = Debug|Any CPU
		{D6742BDC-D155-465B-ABF8-D16325BB9071}.Debug|Any CPU.Build.0 = Debug|Any CPU
		{D6742BDC-D155-465B-ABF8-D16325BB9071}.Release|Any CPU.ActiveCfg = Release|Any CPU
		{D6742BDC-D155-465B-ABF8-D16325BB9071}.Release|Any CPU.Build.0 = Release|Any CPU
		{B74FD847-EBA2-4B4E-B8D2-5C255D9F9A71}.Debug|Any CPU.ActiveCfg = Debug|Any CPU
		{B74FD847-EBA2-4B4E-B8D2-5C255D9F9A71}.Debug|Any CPU.Build.0 = Debug|Any CPU
		{B74FD847-EBA2-4B4E-B8D2-5C255D9F9A71}.Release|Any CPU.ActiveCfg = Release|Any CPU
		{B74FD847-EBA2-4B4E-B8D2-5C255D9F9A71}.Release|Any CPU.Build.0 = Release|Any CPU
		{BDED3B1F-578D-4B9C-96C3-BFAB87F3BB74}.Debug|Any CPU.ActiveCfg = Debug|Any CPU
		{BDED3B1F-578D-4B9C-96C3-BFAB87F3BB74}.Debug|Any CPU.Build.0 = Debug|Any CPU
		{BDED3B1F-578D-4B9C-96C3-BFAB87F3BB74}.Release|Any CPU.ActiveCfg = Release|Any CPU
		{BDED3B1F-578D-4B9C-96C3-BFAB87F3BB74}.Release|Any CPU.Build.0 = Release|Any CPU
		{E01550CA-2918-4909-9CAF-7F41C2240C9C}.Debug|Any CPU.ActiveCfg = Debug|Any CPU
		{E01550CA-2918-4909-9CAF-7F41C2240C9C}.Debug|Any CPU.Build.0 = Debug|Any CPU
		{E01550CA-2918-4909-9CAF-7F41C2240C9C}.Release|Any CPU.ActiveCfg = Release|Any CPU
		{E01550CA-2918-4909-9CAF-7F41C2240C9C}.Release|Any CPU.Build.0 = Release|Any CPU
		{9FE5AA6C-99B1-49D1-931F-A118611E556E}.Debug|Any CPU.ActiveCfg = Debug|Any CPU
		{9FE5AA6C-99B1-49D1-931F-A118611E556E}.Debug|Any CPU.Build.0 = Debug|Any CPU
		{9FE5AA6C-99B1-49D1-931F-A118611E556E}.Release|Any CPU.ActiveCfg = Release|Any CPU
		{9FE5AA6C-99B1-49D1-931F-A118611E556E}.Release|Any CPU.Build.0 = Release|Any CPU
		{0F2E550C-4AB5-48E9-B8D4-1E6260077CA2}.Debug|Any CPU.ActiveCfg = Debug|Any CPU
		{0F2E550C-4AB5-48E9-B8D4-1E6260077CA2}.Debug|Any CPU.Build.0 = Debug|Any CPU
		{0F2E550C-4AB5-48E9-B8D4-1E6260077CA2}.Release|Any CPU.ActiveCfg = Release|Any CPU
		{0F2E550C-4AB5-48E9-B8D4-1E6260077CA2}.Release|Any CPU.Build.0 = Release|Any CPU
		{6F64F19F-B22A-4248-A6E4-7C23BD717E65}.Debug|Any CPU.ActiveCfg = Debug|Any CPU
		{6F64F19F-B22A-4248-A6E4-7C23BD717E65}.Debug|Any CPU.Build.0 = Debug|Any CPU
		{6F64F19F-B22A-4248-A6E4-7C23BD717E65}.Release|Any CPU.ActiveCfg = Release|Any CPU
		{6F64F19F-B22A-4248-A6E4-7C23BD717E65}.Release|Any CPU.Build.0 = Release|Any CPU
		{62517793-7382-4C69-87BB-2298233527AB}.Debug|Any CPU.ActiveCfg = Debug|Any CPU
		{62517793-7382-4C69-87BB-2298233527AB}.Debug|Any CPU.Build.0 = Debug|Any CPU
		{62517793-7382-4C69-87BB-2298233527AB}.Release|Any CPU.ActiveCfg = Release|Any CPU
		{62517793-7382-4C69-87BB-2298233527AB}.Release|Any CPU.Build.0 = Release|Any CPU
		{1A423975-5CF7-4D77-B38D-586AC8E5B28D}.Debug|Any CPU.ActiveCfg = Debug|Any CPU
		{1A423975-5CF7-4D77-B38D-586AC8E5B28D}.Debug|Any CPU.Build.0 = Debug|Any CPU
		{1A423975-5CF7-4D77-B38D-586AC8E5B28D}.Release|Any CPU.ActiveCfg = Release|Any CPU
		{1A423975-5CF7-4D77-B38D-586AC8E5B28D}.Release|Any CPU.Build.0 = Release|Any CPU
		{6FA665BD-8F52-4F59-BB13-E6F84C21FA75}.Debug|Any CPU.ActiveCfg = Debug|Any CPU
		{6FA665BD-8F52-4F59-BB13-E6F84C21FA75}.Debug|Any CPU.Build.0 = Debug|Any CPU
		{6FA665BD-8F52-4F59-BB13-E6F84C21FA75}.Release|Any CPU.ActiveCfg = Release|Any CPU
		{6FA665BD-8F52-4F59-BB13-E6F84C21FA75}.Release|Any CPU.Build.0 = Release|Any CPU
		{5C679345-2287-4DA6-BE77-0A6D3E77A3C0}.Debug|Any CPU.ActiveCfg = Debug|Any CPU
		{5C679345-2287-4DA6-BE77-0A6D3E77A3C0}.Debug|Any CPU.Build.0 = Debug|Any CPU
		{5C679345-2287-4DA6-BE77-0A6D3E77A3C0}.Release|Any CPU.ActiveCfg = Release|Any CPU
		{5C679345-2287-4DA6-BE77-0A6D3E77A3C0}.Release|Any CPU.Build.0 = Release|Any CPU
		{4D4E50A8-FE7F-4B10-B19C-749E066E75C8}.Debug|Any CPU.ActiveCfg = Debug|Any CPU
		{4D4E50A8-FE7F-4B10-B19C-749E066E75C8}.Debug|Any CPU.Build.0 = Debug|Any CPU
		{4D4E50A8-FE7F-4B10-B19C-749E066E75C8}.Release|Any CPU.ActiveCfg = Release|Any CPU
		{4D4E50A8-FE7F-4B10-B19C-749E066E75C8}.Release|Any CPU.Build.0 = Release|Any CPU
		{5DDCA644-4293-44DC-80F0-95E6893766A6}.Debug|Any CPU.ActiveCfg = Debug|Any CPU
		{5DDCA644-4293-44DC-80F0-95E6893766A6}.Debug|Any CPU.Build.0 = Debug|Any CPU
		{5DDCA644-4293-44DC-80F0-95E6893766A6}.Release|Any CPU.ActiveCfg = Release|Any CPU
		{5DDCA644-4293-44DC-80F0-95E6893766A6}.Release|Any CPU.Build.0 = Release|Any CPU
		{7F4C33CC-7B7B-4663-97C5-D66715C47A5A}.Debug|Any CPU.ActiveCfg = Debug|Any CPU
		{7F4C33CC-7B7B-4663-97C5-D66715C47A5A}.Debug|Any CPU.Build.0 = Debug|Any CPU
		{7F4C33CC-7B7B-4663-97C5-D66715C47A5A}.Release|Any CPU.ActiveCfg = Release|Any CPU
		{7F4C33CC-7B7B-4663-97C5-D66715C47A5A}.Release|Any CPU.Build.0 = Release|Any CPU
		{4FEEE2D0-47A3-477C-85F7-8DF67B57EAA5}.Debug|Any CPU.ActiveCfg = Debug|Any CPU
		{4FEEE2D0-47A3-477C-85F7-8DF67B57EAA5}.Debug|Any CPU.Build.0 = Debug|Any CPU
		{4FEEE2D0-47A3-477C-85F7-8DF67B57EAA5}.Release|Any CPU.ActiveCfg = Release|Any CPU
		{4FEEE2D0-47A3-477C-85F7-8DF67B57EAA5}.Release|Any CPU.Build.0 = Release|Any CPU
		{3345F6DD-0EB5-49AD-A073-7D51BA60F5FE}.Debug|Any CPU.ActiveCfg = Debug|Any CPU
		{3345F6DD-0EB5-49AD-A073-7D51BA60F5FE}.Debug|Any CPU.Build.0 = Debug|Any CPU
		{3345F6DD-0EB5-49AD-A073-7D51BA60F5FE}.Release|Any CPU.ActiveCfg = Release|Any CPU
		{3345F6DD-0EB5-49AD-A073-7D51BA60F5FE}.Release|Any CPU.Build.0 = Release|Any CPU
	EndGlobalSection
	GlobalSection(SolutionProperties) = preSolution
		HideSolutionNode = FALSE
	EndGlobalSection
	GlobalSection(NestedProjects) = preSolution
		{E1F1DE20-7553-4056-8303-8AEC856013F3} = {84DEC41C-AA82-4086-A0EB-6D015D3DE0F4}
		{5609B019-9DF0-4238-B145-0683BBD7B884} = {E1F1DE20-7553-4056-8303-8AEC856013F3}
		{96599683-1CA3-4B80-B715-92584AC9AD94} = {E1F1DE20-7553-4056-8303-8AEC856013F3}
		{9529A0C4-660C-412D-9407-759913598EBA} = {E1F1DE20-7553-4056-8303-8AEC856013F3}
		{5B8B16B5-6441-41F6-8BB3-C88F2C2F9C48} = {E1F1DE20-7553-4056-8303-8AEC856013F3}
		{5CB0F84F-351F-4FE8-AE49-2533FABB93F8} = {E1F1DE20-7553-4056-8303-8AEC856013F3}
		{A40B62F5-A633-4B7D-9E4F-53B444A6F807} = {84DEC41C-AA82-4086-A0EB-6D015D3DE0F4}
		{ED485B4E-334A-4592-BECE-30A7A87D6BD0} = {A40B62F5-A633-4B7D-9E4F-53B444A6F807}
		{D6742BDC-D155-465B-ABF8-D16325BB9071} = {A40B62F5-A633-4B7D-9E4F-53B444A6F807}
		{B74FD847-EBA2-4B4E-B8D2-5C255D9F9A71} = {A40B62F5-A633-4B7D-9E4F-53B444A6F807}
		{BEB9BD76-F6BD-46F1-8A0D-59FA080CE3E8} = {84DEC41C-AA82-4086-A0EB-6D015D3DE0F4}
		{BDED3B1F-578D-4B9C-96C3-BFAB87F3BB74} = {BEB9BD76-F6BD-46F1-8A0D-59FA080CE3E8}
		{E01550CA-2918-4909-9CAF-7F41C2240C9C} = {BEB9BD76-F6BD-46F1-8A0D-59FA080CE3E8}
		{9FE5AA6C-99B1-49D1-931F-A118611E556E} = {BEB9BD76-F6BD-46F1-8A0D-59FA080CE3E8}
		{45C887C9-2282-4D2B-9164-515A6ACE0730} = {CF44C5E2-6554-4724-BBB9-626390A39457}
		{0F2E550C-4AB5-48E9-B8D4-1E6260077CA2} = {45C887C9-2282-4D2B-9164-515A6ACE0730}
		{6F64F19F-B22A-4248-A6E4-7C23BD717E65} = {45C887C9-2282-4D2B-9164-515A6ACE0730}
		{62517793-7382-4C69-87BB-2298233527AB} = {45C887C9-2282-4D2B-9164-515A6ACE0730}
		{1A423975-5CF7-4D77-B38D-586AC8E5B28D} = {45C887C9-2282-4D2B-9164-515A6ACE0730}
		{6FA665BD-8F52-4F59-BB13-E6F84C21FA75} = {45C887C9-2282-4D2B-9164-515A6ACE0730}
		{6798B4B4-DD8A-4F9C-808F-D41F161691FD} = {CF44C5E2-6554-4724-BBB9-626390A39457}
		{5C679345-2287-4DA6-BE77-0A6D3E77A3C0} = {6798B4B4-DD8A-4F9C-808F-D41F161691FD}
		{4D4E50A8-FE7F-4B10-B19C-749E066E75C8} = {6798B4B4-DD8A-4F9C-808F-D41F161691FD}
		{5DDCA644-4293-44DC-80F0-95E6893766A6} = {6798B4B4-DD8A-4F9C-808F-D41F161691FD}
		{BF533BB0-ABFD-4E46-8ACE-DA280BAEC339} = {CF44C5E2-6554-4724-BBB9-626390A39457}
		{7F4C33CC-7B7B-4663-97C5-D66715C47A5A} = {BF533BB0-ABFD-4E46-8ACE-DA280BAEC339}
		{4FEEE2D0-47A3-477C-85F7-8DF67B57EAA5} = {BF533BB0-ABFD-4E46-8ACE-DA280BAEC339}
		{3345F6DD-0EB5-49AD-A073-7D51BA60F5FE} = {BF533BB0-ABFD-4E46-8ACE-DA280BAEC339}
	EndGlobalSection
	GlobalSection(ExtensibilityGlobals) = postSolution
		SolutionGuid = {A2EBADA0-C6AB-4D61-A784-8B1FDE939AF2}
	EndGlobalSection
EndGlobal
